// !$*UTF8*$!
{
	archiveVersion = 1;
	classes = {
	};
	objectVersion = 50;
	objects = {

/* Begin PBXBuildFile section */
		A8046B0021E7937200DB3074 /* AppDelegate.swift in Sources */ = {isa = PBXBuildFile; fileRef = A8046AFF21E7937200DB3074 /* AppDelegate.swift */; };
		A8046B0221E7937200DB3074 /* ViewController.swift in Sources */ = {isa = PBXBuildFile; fileRef = A8046B0121E7937200DB3074 /* ViewController.swift */; };
		A8046B0521E7937200DB3074 /* Main.storyboard in Resources */ = {isa = PBXBuildFile; fileRef = A8046B0321E7937200DB3074 /* Main.storyboard */; };
		A8046B0721E7937600DB3074 /* Assets.xcassets in Resources */ = {isa = PBXBuildFile; fileRef = A8046B0621E7937600DB3074 /* Assets.xcassets */; };
		A8046B0A21E7937600DB3074 /* LaunchScreen.storyboard in Resources */ = {isa = PBXBuildFile; fileRef = A8046B0821E7937600DB3074 /* LaunchScreen.storyboard */; };
		A8046B1521E7937700DB3074 /* Location_AwareTests.swift in Sources */ = {isa = PBXBuildFile; fileRef = A8046B1421E7937700DB3074 /* Location_AwareTests.swift */; };
		A8046B2021E7937700DB3074 /* Location_AwareUITests.swift in Sources */ = {isa = PBXBuildFile; fileRef = A8046B1F21E7937700DB3074 /* Location_AwareUITests.swift */; };
/* End PBXBuildFile section */

/* Begin PBXContainerItemProxy section */
		A8046B1121E7937700DB3074 /* PBXContainerItemProxy */ = {
			isa = PBXContainerItemProxy;
			containerPortal = A8046AF421E7937200DB3074 /* Project object */;
			proxyType = 1;
			remoteGlobalIDString = A8046AFB21E7937200DB3074;
			remoteInfo = "Location Aware";
		};
		A8046B1C21E7937700DB3074 /* PBXContainerItemProxy */ = {
			isa = PBXContainerItemProxy;
			containerPortal = A8046AF421E7937200DB3074 /* Project object */;
			proxyType = 1;
			remoteGlobalIDString = A8046AFB21E7937200DB3074;
			remoteInfo = "Location Aware";
		};
/* End PBXContainerItemProxy section */

/* Begin PBXFileReference section */
		A8046AFC21E7937200DB3074 /* Location Aware.app */ = {isa = PBXFileReference; explicitFileType = wrapper.application; includeInIndex = 0; path = "Location Aware.app"; sourceTree = BUILT_PRODUCTS_DIR; };
		A8046AFF21E7937200DB3074 /* AppDelegate.swift */ = {isa = PBXFileReference; lastKnownFileType = sourcecode.swift; path = AppDelegate.swift; sourceTree = "<group>"; };
		A8046B0121E7937200DB3074 /* ViewController.swift */ = {isa = PBXFileReference; lastKnownFileType = sourcecode.swift; path = ViewController.swift; sourceTree = "<group>"; };
		A8046B0421E7937200DB3074 /* Base */ = {isa = PBXFileReference; lastKnownFileType = file.storyboard; name = Base; path = Base.lproj/Main.storyboard; sourceTree = "<group>"; };
		A8046B0621E7937600DB3074 /* Assets.xcassets */ = {isa = PBXFileReference; lastKnownFileType = folder.assetcatalog; path = Assets.xcassets; sourceTree = "<group>"; };
		A8046B0921E7937600DB3074 /* Base */ = {isa = PBXFileReference; lastKnownFileType = file.storyboard; name = Base; path = Base.lproj/LaunchScreen.storyboard; sourceTree = "<group>"; };
		A8046B0B21E7937600DB3074 /* Info.plist */ = {isa = PBXFileReference; lastKnownFileType = text.plist.xml; path = Info.plist; sourceTree = "<group>"; };
		A8046B1021E7937700DB3074 /* Location AwareTests.xctest */ = {isa = PBXFileReference; explicitFileType = wrapper.cfbundle; includeInIndex = 0; path = "Location AwareTests.xctest"; sourceTree = BUILT_PRODUCTS_DIR; };
		A8046B1421E7937700DB3074 /* Location_AwareTests.swift */ = {isa = PBXFileReference; lastKnownFileType = sourcecode.swift; path = Location_AwareTests.swift; sourceTree = "<group>"; };
		A8046B1621E7937700DB3074 /* Info.plist */ = {isa = PBXFileReference; lastKnownFileType = text.plist.xml; path = Info.plist; sourceTree = "<group>"; };
		A8046B1B21E7937700DB3074 /* Location AwareUITests.xctest */ = {isa = PBXFileReference; explicitFileType = wrapper.cfbundle; includeInIndex = 0; path = "Location AwareUITests.xctest"; sourceTree = BUILT_PRODUCTS_DIR; };
		A8046B1F21E7937700DB3074 /* Location_AwareUITests.swift */ = {isa = PBXFileReference; lastKnownFileType = sourcecode.swift; path = Location_AwareUITests.swift; sourceTree = "<group>"; };
		A8046B2121E7937700DB3074 /* Info.plist */ = {isa = PBXFileReference; lastKnownFileType = text.plist.xml; path = Info.plist; sourceTree = "<group>"; };
/* End PBXFileReference section */

/* Begin PBXFrameworksBuildPhase section */
		A8046AF921E7937200DB3074 /* Frameworks */ = {
			isa = PBXFrameworksBuildPhase;
			buildActionMask = 2147483647;
			files = (
			);
			runOnlyForDeploymentPostprocessing = 0;
		};
		A8046B0D21E7937700DB3074 /* Frameworks */ = {
			isa = PBXFrameworksBuildPhase;
			buildActionMask = 2147483647;
			files = (
			);
			runOnlyForDeploymentPostprocessing = 0;
		};
		A8046B1821E7937700DB3074 /* Frameworks */ = {
			isa = PBXFrameworksBuildPhase;
			buildActionMask = 2147483647;
			files = (
			);
			runOnlyForDeploymentPostprocessing = 0;
		};
/* End PBXFrameworksBuildPhase section */

/* Begin PBXGroup section */
		A8046AF321E7937200DB3074 = {
			isa = PBXGroup;
			children = (
				A8046AFE21E7937200DB3074 /* Location Aware */,
				A8046B1321E7937700DB3074 /* Location AwareTests */,
				A8046B1E21E7937700DB3074 /* Location AwareUITests */,
				A8046AFD21E7937200DB3074 /* Products */,
			);
			sourceTree = "<group>";
		};
		A8046AFD21E7937200DB3074 /* Products */ = {
			isa = PBXGroup;
			children = (
				A8046AFC21E7937200DB3074 /* Location Aware.app */,
				A8046B1021E7937700DB3074 /* Location AwareTests.xctest */,
				A8046B1B21E7937700DB3074 /* Location AwareUITests.xctest */,
			);
			name = Products;
			sourceTree = "<group>";
		};
		A8046AFE21E7937200DB3074 /* Location Aware */ = {
			isa = PBXGroup;
			children = (
				A8046AFF21E7937200DB3074 /* AppDelegate.swift */,
				A8046B0121E7937200DB3074 /* ViewController.swift */,
				A8046B0321E7937200DB3074 /* Main.storyboard */,
				A8046B0621E7937600DB3074 /* Assets.xcassets */,
				A8046B0821E7937600DB3074 /* LaunchScreen.storyboard */,
				A8046B0B21E7937600DB3074 /* Info.plist */,
			);
			path = "Location Aware";
			sourceTree = "<group>";
		};
		A8046B1321E7937700DB3074 /* Location AwareTests */ = {
			isa = PBXGroup;
			children = (
				A8046B1421E7937700DB3074 /* Location_AwareTests.swift */,
				A8046B1621E7937700DB3074 /* Info.plist */,
			);
			path = "Location AwareTests";
			sourceTree = "<group>";
		};
		A8046B1E21E7937700DB3074 /* Location AwareUITests */ = {
			isa = PBXGroup;
			children = (
				A8046B1F21E7937700DB3074 /* Location_AwareUITests.swift */,
				A8046B2121E7937700DB3074 /* Info.plist */,
			);
			path = "Location AwareUITests";
			sourceTree = "<group>";
		};
/* End PBXGroup section */

/* Begin PBXNativeTarget section */
		A8046AFB21E7937200DB3074 /* Location Aware */ = {
			isa = PBXNativeTarget;
			buildConfigurationList = A8046B2421E7937700DB3074 /* Build configuration list for PBXNativeTarget "Location Aware" */;
			buildPhases = (
				A8046AF821E7937200DB3074 /* Sources */,
				A8046AF921E7937200DB3074 /* Frameworks */,
				A8046AFA21E7937200DB3074 /* Resources */,
			);
			buildRules = (
			);
			dependencies = (
			);
			name = "Location Aware";
			productName = "Location Aware";
			productReference = A8046AFC21E7937200DB3074 /* Location Aware.app */;
			productType = "com.apple.product-type.application";
		};
		A8046B0F21E7937700DB3074 /* Location AwareTests */ = {
			isa = PBXNativeTarget;
			buildConfigurationList = A8046B2721E7937700DB3074 /* Build configuration list for PBXNativeTarget "Location AwareTests" */;
			buildPhases = (
				A8046B0C21E7937700DB3074 /* Sources */,
				A8046B0D21E7937700DB3074 /* Frameworks */,
				A8046B0E21E7937700DB3074 /* Resources */,
			);
			buildRules = (
			);
			dependencies = (
				A8046B1221E7937700DB3074 /* PBXTargetDependency */,
			);
			name = "Location AwareTests";
			productName = "Location AwareTests";
			productReference = A8046B1021E7937700DB3074 /* Location AwareTests.xctest */;
			productType = "com.apple.product-type.bundle.unit-test";
		};
		A8046B1A21E7937700DB3074 /* Location AwareUITests */ = {
			isa = PBXNativeTarget;
			buildConfigurationList = A8046B2A21E7937700DB3074 /* Build configuration list for PBXNativeTarget "Location AwareUITests" */;
			buildPhases = (
				A8046B1721E7937700DB3074 /* Sources */,
				A8046B1821E7937700DB3074 /* Frameworks */,
				A8046B1921E7937700DB3074 /* Resources */,
			);
			buildRules = (
			);
			dependencies = (
				A8046B1D21E7937700DB3074 /* PBXTargetDependency */,
			);
			name = "Location AwareUITests";
			productName = "Location AwareUITests";
			productReference = A8046B1B21E7937700DB3074 /* Location AwareUITests.xctest */;
			productType = "com.apple.product-type.bundle.ui-testing";
		};
/* End PBXNativeTarget section */

/* Begin PBXProject section */
		A8046AF421E7937200DB3074 /* Project object */ = {
			isa = PBXProject;
			attributes = {
				LastSwiftUpdateCheck = 1010;
				LastUpgradeCheck = 1010;
				ORGANIZATIONNAME = "Derrick White";
				TargetAttributes = {
					A8046AFB21E7937200DB3074 = {
						CreatedOnToolsVersion = 10.1;
					};
					A8046B0F21E7937700DB3074 = {
						CreatedOnToolsVersion = 10.1;
						TestTargetID = A8046AFB21E7937200DB3074;
					};
					A8046B1A21E7937700DB3074 = {
						CreatedOnToolsVersion = 10.1;
						TestTargetID = A8046AFB21E7937200DB3074;
					};
				};
			};
			buildConfigurationList = A8046AF721E7937200DB3074 /* Build configuration list for PBXProject "Location Aware" */;
			compatibilityVersion = "Xcode 9.3";
			developmentRegion = en;
			hasScannedForEncodings = 0;
			knownRegions = (
				en,
				Base,
			);
			mainGroup = A8046AF321E7937200DB3074;
			productRefGroup = A8046AFD21E7937200DB3074 /* Products */;
			projectDirPath = "";
			projectRoot = "";
			targets = (
				A8046AFB21E7937200DB3074 /* Location Aware */,
				A8046B0F21E7937700DB3074 /* Location AwareTests */,
				A8046B1A21E7937700DB3074 /* Location AwareUITests */,
			);
		};
/* End PBXProject section */

/* Begin PBXResourcesBuildPhase section */
		A8046AFA21E7937200DB3074 /* Resources */ = {
			isa = PBXResourcesBuildPhase;
			buildActionMask = 2147483647;
			files = (
				A8046B0A21E7937600DB3074 /* LaunchScreen.storyboard in Resources */,
				A8046B0721E7937600DB3074 /* Assets.xcassets in Resources */,
				A8046B0521E7937200DB3074 /* Main.storyboard in Resources */,
			);
			runOnlyForDeploymentPostprocessing = 0;
		};
		A8046B0E21E7937700DB3074 /* Resources */ = {
			isa = PBXResourcesBuildPhase;
			buildActionMask = 2147483647;
			files = (
			);
			runOnlyForDeploymentPostprocessing = 0;
		};
		A8046B1921E7937700DB3074 /* Resources */ = {
			isa = PBXResourcesBuildPhase;
			buildActionMask = 2147483647;
			files = (
			);
			runOnlyForDeploymentPostprocessing = 0;
		};
/* End PBXResourcesBuildPhase section */

/* Begin PBXSourcesBuildPhase section */
		A8046AF821E7937200DB3074 /* Sources */ = {
			isa = PBXSourcesBuildPhase;
			buildActionMask = 2147483647;
			files = (
				A8046B0221E7937200DB3074 /* ViewController.swift in Sources */,
				A8046B0021E7937200DB3074 /* AppDelegate.swift in Sources */,
			);
			runOnlyForDeploymentPostprocessing = 0;
		};
		A8046B0C21E7937700DB3074 /* Sources */ = {
			isa = PBXSourcesBuildPhase;
			buildActionMask = 2147483647;
			files = (
				A8046B1521E7937700DB3074 /* Location_AwareTests.swift in Sources */,
			);
			runOnlyForDeploymentPostprocessing = 0;
		};
		A8046B1721E7937700DB3074 /* Sources */ = {
			isa = PBXSourcesBuildPhase;
			buildActionMask = 2147483647;
			files = (
				A8046B2021E7937700DB3074 /* Location_AwareUITests.swift in Sources */,
			);
			runOnlyForDeploymentPostprocessing = 0;
		};
/* End PBXSourcesBuildPhase section */

/* Begin PBXTargetDependency section */
		A8046B1221E7937700DB3074 /* PBXTargetDependency */ = {
			isa = PBXTargetDependency;
			target = A8046AFB21E7937200DB3074 /* Location Aware */;
			targetProxy = A8046B1121E7937700DB3074 /* PBXContainerItemProxy */;
		};
		A8046B1D21E7937700DB3074 /* PBXTargetDependency */ = {
			isa = PBXTargetDependency;
			target = A8046AFB21E7937200DB3074 /* Location Aware */;
			targetProxy = A8046B1C21E7937700DB3074 /* PBXContainerItemProxy */;
		};
/* End PBXTargetDependency section */

/* Begin PBXVariantGroup section */
		A8046B0321E7937200DB3074 /* Main.storyboard */ = {
			isa = PBXVariantGroup;
			children = (
				A8046B0421E7937200DB3074 /* Base */,
			);
			name = Main.storyboard;
			sourceTree = "<group>";
		};
		A8046B0821E7937600DB3074 /* LaunchScreen.storyboard */ = {
			isa = PBXVariantGroup;
			children = (
				A8046B0921E7937600DB3074 /* Base */,
			);
			name = LaunchScreen.storyboard;
			sourceTree = "<group>";
		};
/* End PBXVariantGroup section */

/* Begin XCBuildConfiguration section */
		A8046B2221E7937700DB3074 /* Debug */ = {
			isa = XCBuildConfiguration;
			buildSettings = {
				ALWAYS_SEARCH_USER_PATHS = NO;
				CLANG_ANALYZER_NONNULL = YES;
				CLANG_ANALYZER_NUMBER_OBJECT_CONVERSION = YES_AGGRESSIVE;
				CLANG_CXX_LANGUAGE_STANDARD = "gnu++14";
				CLANG_CXX_LIBRARY = "libc++";
				CLANG_ENABLE_MODULES = YES;
				CLANG_ENABLE_OBJC_ARC = YES;
				CLANG_ENABLE_OBJC_WEAK = YES;
				CLANG_WARN_BLOCK_CAPTURE_AUTORELEASING = YES;
				CLANG_WARN_BOOL_CONVERSION = YES;
				CLANG_WARN_COMMA = YES;
				CLANG_WARN_CONSTANT_CONVERSION = YES;
				CLANG_WARN_DEPRECATED_OBJC_IMPLEMENTATIONS = YES;
				CLANG_WARN_DIRECT_OBJC_ISA_USAGE = YES_ERROR;
				CLANG_WARN_DOCUMENTATION_COMMENTS = YES;
				CLANG_WARN_EMPTY_BODY = YES;
				CLANG_WARN_ENUM_CONVERSION = YES;
				CLANG_WARN_INFINITE_RECURSION = YES;
				CLANG_WARN_INT_CONVERSION = YES;
				CLANG_WARN_NON_LITERAL_NULL_CONVERSION = YES;
				CLANG_WARN_OBJC_IMPLICIT_RETAIN_SELF = YES;
				CLANG_WARN_OBJC_LITERAL_CONVERSION = YES;
				CLANG_WARN_OBJC_ROOT_CLASS = YES_ERROR;
				CLANG_WARN_RANGE_LOOP_ANALYSIS = YES;
				CLANG_WARN_STRICT_PROTOTYPES = YES;
				CLANG_WARN_SUSPICIOUS_MOVE = YES;
				CLANG_WARN_UNGUARDED_AVAILABILITY = YES_AGGRESSIVE;
				CLANG_WARN_UNREACHABLE_CODE = YES;
				CLANG_WARN__DUPLICATE_METHOD_MATCH = YES;
				CODE_SIGN_IDENTITY = "iPhone Developer";
				COPY_PHASE_STRIP = NO;
				DEBUG_INFORMATION_FORMAT = dwarf;
				ENABLE_STRICT_OBJC_MSGSEND = YES;
				ENABLE_TESTABILITY = YES;
				GCC_C_LANGUAGE_STANDARD = gnu11;
				GCC_DYNAMIC_NO_PIC = NO;
				GCC_NO_COMMON_BLOCKS = YES;
				GCC_OPTIMIZATION_LEVEL = 0;
				GCC_PREPROCESSOR_DEFINITIONS = (
					"DEBUG=1",
					"$(inherited)",
				);
				GCC_WARN_64_TO_32_BIT_CONVERSION = YES;
				GCC_WARN_ABOUT_RETURN_TYPE = YES_ERROR;
				GCC_WARN_UNDECLARED_SELECTOR = YES;
				GCC_WARN_UNINITIALIZED_AUTOS = YES_AGGRESSIVE;
				GCC_WARN_UNUSED_FUNCTION = YES;
				GCC_WARN_UNUSED_VARIABLE = YES;
				IPHONEOS_DEPLOYMENT_TARGET = 12.1;
				MTL_ENABLE_DEBUG_INFO = INCLUDE_SOURCE;
				MTL_FAST_MATH = YES;
				ONLY_ACTIVE_ARCH = YES;
				SDKROOT = iphoneos;
				SWIFT_ACTIVE_COMPILATION_CONDITIONS = DEBUG;
				SWIFT_OPTIMIZATION_LEVEL = "-Onone";
			};
			name = Debug;
		};
		A8046B2321E7937700DB3074 /* Release */ = {
			isa = XCBuildConfiguration;
			buildSettings = {
				ALWAYS_SEARCH_USER_PATHS = NO;
				CLANG_ANALYZER_NONNULL = YES;
				CLANG_ANALYZER_NUMBER_OBJECT_CONVERSION = YES_AGGRESSIVE;
				CLANG_CXX_LANGUAGE_STANDARD = "gnu++14";
				CLANG_CXX_LIBRARY = "libc++";
				CLANG_ENABLE_MODULES = YES;
				CLANG_ENABLE_OBJC_ARC = YES;
				CLANG_ENABLE_OBJC_WEAK = YES;
				CLANG_WARN_BLOCK_CAPTURE_AUTORELEASING = YES;
				CLANG_WARN_BOOL_CONVERSION = YES;
				CLANG_WARN_COMMA = YES;
				CLANG_WARN_CONSTANT_CONVERSION = YES;
				CLANG_WARN_DEPRECATED_OBJC_IMPLEMENTATIONS = YES;
				CLANG_WARN_DIRECT_OBJC_ISA_USAGE = YES_ERROR;
				CLANG_WARN_DOCUMENTATION_COMMENTS = YES;
				CLANG_WARN_EMPTY_BODY = YES;
				CLANG_WARN_ENUM_CONVERSION = YES;
				CLANG_WARN_INFINITE_RECURSION = YES;
				CLANG_WARN_INT_CONVERSION = YES;
				CLANG_WARN_NON_LITERAL_NULL_CONVERSION = YES;
				CLANG_WARN_OBJC_IMPLICIT_RETAIN_SELF = YES;
				CLANG_WARN_OBJC_LITERAL_CONVERSION = YES;
				CLANG_WARN_OBJC_ROOT_CLASS = YES_ERROR;
				CLANG_WARN_RANGE_LOOP_ANALYSIS = YES;
				CLANG_WARN_STRICT_PROTOTYPES = YES;
				CLANG_WARN_SUSPICIOUS_MOVE = YES;
				CLANG_WARN_UNGUARDED_AVAILABILITY = YES_AGGRESSIVE;
				CLANG_WARN_UNREACHABLE_CODE = YES;
				CLANG_WARN__DUPLICATE_METHOD_MATCH = YES;
				CODE_SIGN_IDENTITY = "iPhone Developer";
				COPY_PHASE_STRIP = NO;
				DEBUG_INFORMATION_FORMAT = "dwarf-with-dsym";
				ENABLE_NS_ASSERTIONS = NO;
				ENABLE_STRICT_OBJC_MSGSEND = YES;
				GCC_C_LANGUAGE_STANDARD = gnu11;
				GCC_NO_COMMON_BLOCKS = YES;
				GCC_WARN_64_TO_32_BIT_CONVERSION = YES;
				GCC_WARN_ABOUT_RETURN_TYPE = YES_ERROR;
				GCC_WARN_UNDECLARED_SELECTOR = YES;
				GCC_WARN_UNINITIALIZED_AUTOS = YES_AGGRESSIVE;
				GCC_WARN_UNUSED_FUNCTION = YES;
				GCC_WARN_UNUSED_VARIABLE = YES;
				IPHONEOS_DEPLOYMENT_TARGET = 12.1;
				MTL_ENABLE_DEBUG_INFO = NO;
				MTL_FAST_MATH = YES;
				SDKROOT = iphoneos;
				SWIFT_COMPILATION_MODE = wholemodule;
				SWIFT_OPTIMIZATION_LEVEL = "-O";
				VALIDATE_PRODUCT = YES;
			};
			name = Release;
		};
		A8046B2521E7937700DB3074 /* Debug */ = {
			isa = XCBuildConfiguration;
			buildSettings = {
				ASSETCATALOG_COMPILER_APPICON_NAME = AppIcon;
				CODE_SIGN_STYLE = Automatic;
				DEVELOPMENT_TEAM = WT396HXXF8;
				INFOPLIST_FILE = "Location Aware/Info.plist";
				LD_RUNPATH_SEARCH_PATHS = (
					"$(inherited)",
					"@executable_path/Frameworks",
				);
				PRODUCT_BUNDLE_IDENTIFIER = "com.DerrickWhite.Location-Aware";
				PRODUCT_NAME = "$(TARGET_NAME)";
				SWIFT_VERSION = 4.2;
				TARGETED_DEVICE_FAMILY = "1,2";
			};
			name = Debug;
		};
		A8046B2621E7937700DB3074 /* Release */ = {
			isa = XCBuildConfiguration;
			buildSettings = {
				ASSETCATALOG_COMPILER_APPICON_NAME = AppIcon;
				CODE_SIGN_STYLE = Automatic;
				DEVELOPMENT_TEAM = WT396HXXF8;
				INFOPLIST_FILE = "Location Aware/Info.plist";
				LD_RUNPATH_SEARCH_PATHS = (
					"$(inherited)",
					"@executable_path/Frameworks",
				);
				PRODUCT_BUNDLE_IDENTIFIER = "com.DerrickWhite.Location-Aware";
				PRODUCT_NAME = "$(TARGET_NAME)";
				SWIFT_VERSION = 4.2;
				TARGETED_DEVICE_FAMILY = "1,2";
			};
			name = Release;
		};
		A8046B2821E7937700DB3074 /* Debug */ = {
			isa = XCBuildConfiguration;
			buildSettings = {
				ALWAYS_EMBED_SWIFT_STANDARD_LIBRARIES = YES;
				BUNDLE_LOADER = "$(TEST_HOST)";
				CODE_SIGN_STYLE = Automatic;
				DEVELOPMENT_TEAM = WT396HXXF8;
				INFOPLIST_FILE = "Location AwareTests/Info.plist";
				LD_RUNPATH_SEARCH_PATHS = (
					"$(inherited)",
					"@executable_path/Frameworks",
					"@loader_path/Frameworks",
				);
				PRODUCT_BUNDLE_IDENTIFIER = "com.DerrickWhite.Location-AwareTests";
				PRODUCT_NAME = "$(TARGET_NAME)";
				SWIFT_VERSION = 4.2;
				TARGETED_DEVICE_FAMILY = "1,2";
				TEST_HOST = "$(BUILT_PRODUCTS_DIR)/Location Aware.app/Location Aware";
			};
			name = Debug;
		};
		A8046B2921E7937700DB3074 /* Release */ = {
			isa = XCBuildConfiguration;
			buildSettings = {
				ALWAYS_EMBED_SWIFT_STANDARD_LIBRARIES = YES;
				BUNDLE_LOADER = "$(TEST_HOST)";
				CODE_SIGN_STYLE = Automatic;
				DEVELOPMENT_TEAM = WT396HXXF8;
				INFOPLIST_FILE = "Location AwareTests/Info.plist";
				LD_RUNPATH_SEARCH_PATHS = (
					"$(inherited)",
					"@executable_path/Frameworks",
					"@loader_path/Frameworks",
				);
				PRODUCT_BUNDLE_IDENTIFIER = "com.DerrickWhite.Location-AwareTests";
				PRODUCT_NAME = "$(TARGET_NAME)";
				SWIFT_VERSION = 4.2;
				TARGETED_DEVICE_FAMILY = "1,2";
				TEST_HOST = "$(BUILT_PRODUCTS_DIR)/Location Aware.app/Location Aware";
			};
			name = Release;
		};
		A8046B2B21E7937700DB3074 /* Debug */ = {
			isa = XCBuildConfiguration;
			buildSettings = {
				ALWAYS_EMBED_SWIFT_STANDARD_LIBRARIES = YES;
				CODE_SIGN_STYLE = Automatic;
				DEVELOPMENT_TEAM = WT396HXXF8;
				INFOPLIST_FILE = "Location AwareUITests/Info.plist";
				LD_RUNPATH_SEARCH_PATHS = (
					"$(inherited)",
					"@executable_path/Frameworks",
					"@loader_path/Frameworks",
				);
				PRODUCT_BUNDLE_IDENTIFIER = "com.DerrickWhite.Location-AwareUITests";
				PRODUCT_NAME = "$(TARGET_NAME)";
				SWIFT_VERSION = 4.2;
				TARGETED_DEVICE_FAMILY = "1,2";
				TEST_TARGET_NAME = "Location Aware";
			};
			name = Debug;
		};
		A8046B2C21E7937700DB3074 /* Release */ = {
			isa = XCBuildConfiguration;
			buildSettings = {
				ALWAYS_EMBED_SWIFT_STANDARD_LIBRARIES = YES;
				CODE_SIGN_STYLE = Automatic;
				DEVELOPMENT_TEAM = WT396HXXF8;
				INFOPLIST_FILE = "Location AwareUITests/Info.plist";
				LD_RUNPATH_SEARCH_PATHS = (
					"$(inherited)",
					"@executable_path/Frameworks",
					"@loader_path/Frameworks",
				);
				PRODUCT_BUNDLE_IDENTIFIER = "com.DerrickWhite.Location-AwareUITests";
				PRODUCT_NAME = "$(TARGET_NAME)";
				SWIFT_VERSION = 4.2;
				TARGETED_DEVICE_FAMILY = "1,2";
				TEST_TARGET_NAME = "Location Aware";
			};
			name = Release;
		};
/* End XCBuildConfiguration section */

/* Begin XCConfigurationList section */
		A8046AF721E7937200DB3074 /* Build configuration list for PBXProject "Location Aware" */ = {
			isa = XCConfigurationList;
			buildConfigurations = (
				A8046B2221E7937700DB3074 /* Debug */,
				A8046B2321E7937700DB3074 /* Release */,
			);
			defaultConfigurationIsVisible = 0;
			defaultConfigurationName = Release;
		};
		A8046B2421E7937700DB3074 /* Build configuration list for PBXNativeTarget "Location Aware" */ = {
			isa = XCConfigurationList;
			buildConfigurations = (
				A8046B2521E7937700DB3074 /* Debug */,
				A8046B2621E7937700DB3074 /* Release */,
			);
			defaultConfigurationIsVisible = 0;
			defaultConfigurationName = Release;
		};
		A8046B2721E7937700DB3074 /* Build configuration list for PBXNativeTarget "Location AwareTests" */ = {
			isa = XCConfigurationList;
			buildConfigurations = (
				A8046B2821E7937700DB3074 /* Debug */,
				A8046B2921E7937700DB3074 /* Release */,
			);
			defaultConfigurationIsVisible = 0;
			defaultConfigurationName = Release;
		};
		A8046B2A21E7937700DB3074 /* Build configuration list for PBXNativeTarget "Location AwareUITests" */ = {
			isa = XCConfigurationList;
			buildConfigurations = (
				A8046B2B21E7937700DB3074 /* Debug */,
				A8046B2C21E7937700DB3074 /* Release */,
			);
			defaultConfigurationIsVisible = 0;
			defaultConfigurationName = Release;
		};
/* End XCConfigurationList section */
	};
	rootObject = A8046AF421E7937200DB3074 /* Project object */;
}
